
Microsoft Visual Studio Solution File, Format Version 12.00
# Visual Studio Version 17
VisualStudioVersion = 17.9.34616.47
MinimumVisualStudioVersion = 10.0.40219.1
Project("{9A19103F-16F7-4668-BE54-9A1E7A4F7556}") = "TourPlanner", "TourPlanner.csproj", "{886DCA7D-F661-4A6D-B7FA-1AB88B61F510}"
EndProject
Project("{9A19103F-16F7-4668-BE54-9A1E7A4F7556}") = "TourPlannerTest", "..\TourPlannerTest\TourPlannerTest.csproj", "{384D07EC-24CA-4537-A55E-5C6D98898F74}"
EndProject
Global
	GlobalSection(SolutionConfigurationPlatforms) = preSolution
		Debug|Any CPU = Debug|Any CPU
		Release|Any CPU = Release|Any CPU
	EndGlobalSection
	GlobalSection(ProjectConfigurationPlatforms) = postSolution
		{886DCA7D-F661-4A6D-B7FA-1AB88B61F510}.Debug|Any CPU.ActiveCfg = Debug|Any CPU
		{886DCA7D-F661-4A6D-B7FA-1AB88B61F510}.Debug|Any CPU.Build.0 = Debug|Any CPU
		{886DCA7D-F661-4A6D-B7FA-1AB88B61F510}.Release|Any CPU.ActiveCfg = Release|Any CPU
		{886DCA7D-F661-4A6D-B7FA-1AB88B61F510}.Release|Any CPU.Build.0 = Release|Any CPU
		{384D07EC-24CA-4537-A55E-5C6D98898F74}.Debug|Any CPU.ActiveCfg = Debug|Any CPU
		{384D07EC-24CA-4537-A55E-5C6D98898F74}.Debug|Any CPU.Build.0 = Debug|Any CPU
		{384D07EC-24CA-4537-A55E-5C6D98898F74}.Release|Any CPU.ActiveCfg = Release|Any CPU
		{384D07EC-24CA-4537-A55E-5C6D98898F74}.Release|Any CPU.Build.0 = Release|Any CPU
	EndGlobalSection
	GlobalSection(SolutionProperties) = preSolution
		HideSolutionNode = FALSE
	EndGlobalSection
	GlobalSection(ExtensibilityGlobals) = postSolution
		SolutionGuid = {05F951A8-1F82-4724-A808-DC105300D9A6}
	EndGlobalSection
EndGlobal
